<?xml version="1.0" encoding="utf-8"?>
<Project ToolsVersion="4.0" xmlns="http://schemas.microsoft.com/developer/msbuild/2003">
  <ItemGroup>
    <ClCompile Include="Driver.cpp" />
    <ClCompile Include="Debugging\DebugOutput.cpp">
      <Filter>Debug</Filter>
    </ClCompile>
    <ClCompile Include="Graphics\DirectX_GraphicsDevice.cpp">
      <Filter>Graphics</Filter>
    </ClCompile>
    <ClCompile Include="Timer\OSHighResTimer.cpp">
      <Filter>Timer</Filter>
    </ClCompile>
    <ClCompile Include="Timer\Stopwatch.cpp">
      <Filter>Timer</Filter>
    </ClCompile>
    <ClCompile Include="WindowInput\InputState.cpp">
      <Filter>WindowAndInput</Filter>
    </ClCompile>
    <ClCompile Include="WindowInput\RunningState.cpp">
      <Filter>WindowAndInput</Filter>
    </ClCompile>
    <ClCompile Include="WindowInput\WindowInputInitializer.cpp">
      <Filter>WindowAndInput</Filter>
    </ClCompile>
    <ClCompile Include="WindowInput\WindowSystem.cpp">
      <Filter>WindowAndInput</Filter>
    </ClCompile>
    <ClCompile Include="Debugging\Assert.cpp">
      <Filter>Debug\Assert</Filter>
    </ClCompile>
    <ClCompile Include="Debugging\pempek_assert.cpp">
      <Filter>Debug\Assert</Filter>
    </ClCompile>
    <ClCompile Include="pch.cpp" />
    <ClCompile Include="WindowGlobals.cpp">
      <Filter>WindowAndInput</Filter>
    </ClCompile>
  </ItemGroup>
  <ItemGroup>
    <Filter Include="Debug">
      <UniqueIdentifier>{d0790728-4962-404c-bfb8-085357975f1b}</UniqueIdentifier>
    </Filter>
    <Filter Include="Graphics">
      <UniqueIdentifier>{122367c5-2397-427c-927a-e8bfa142bcc9}</UniqueIdentifier>
    </Filter>
    <Filter Include="Timer">
      <UniqueIdentifier>{0371a1ad-feb6-4cd9-a450-663efa8a84ce}</UniqueIdentifier>
    </Filter>
    <Filter Include="WindowAndInput">
      <UniqueIdentifier>{e1016597-d13f-42c8-b4fb-ae53c6dea034}</UniqueIdentifier>
    </Filter>
    <Filter Include="Debug\Assert">
      <UniqueIdentifier>{dfeec093-2c05-4c78-9ecb-7dbd79c8c2c2}</UniqueIdentifier>
    </Filter>
  </ItemGroup>
  <ItemGroup>
    <ClInclude Include="Debugging\DebugOutput.h">
      <Filter>Debug</Filter>
    </ClInclude>
    <ClInclude Include="Graphics\ConstantBuffer.h">
      <Filter>Graphics</Filter>
    </ClInclude>
    <ClInclude Include="Graphics\Debug_Graphics.h">
      <Filter>Graphics</Filter>
    </ClInclude>
    <ClInclude Include="Graphics\DirectX_GraphicsDevice.h">
      <Filter>Graphics</Filter>
    </ClInclude>
    <ClInclude Include="Graphics\Vertex.h">
      <Filter>Graphics</Filter>
    </ClInclude>
    <ClInclude Include="Timer\OSHighResTimer.h">
      <Filter>Timer</Filter>
    </ClInclude>
    <ClInclude Include="Timer\Stopwatch.h">
      <Filter>Timer</Filter>
    </ClInclude>
    <ClInclude Include="WindowInput\InputState.h">
      <Filter>WindowAndInput</Filter>
    </ClInclude>
    <ClInclude Include="WindowInput\RunningState.h">
      <Filter>WindowAndInput</Filter>
    </ClInclude>
    <ClInclude Include="WindowInput\WindowGlobals.h">
      <Filter>WindowAndInput</Filter>
    </ClInclude>
    <ClInclude Include="WindowInput\WindowInputInitializer.h">
      <Filter>WindowAndInput</Filter>
    </ClInclude>
    <ClInclude Include="WindowInput\WindowSystem.h">
      <Filter>WindowAndInput</Filter>
    </ClInclude>
    <ClInclude Include="Debugging\Assert.h">
      <Filter>Debug\Assert</Filter>
    </ClInclude>
    <ClInclude Include="Debugging\AssertErrorLogFile.h">
      <Filter>Debug\Assert</Filter>
    </ClInclude>
    <ClInclude Include="Debugging\pempek_assert.h">
      <Filter>Debug\Assert</Filter>
    </ClInclude>
    <ClInclude Include="pch.h" />
  </ItemGroup>
</Project>